
Microsoft Visual Studio Solution File, Format Version 12.00
# Visual Studio Version 17
VisualStudioVersion = 17.5.002.0
MinimumVisualStudioVersion = 10.0.40219.1
Project("{9A19103F-16F7-4668-BE54-9A1E7A4F7556}") = "AI.PoC", "AI.PoC.csproj", "{051D294A-518A-4398-A170-2AC5527076F1}"
EndProject
Global
	GlobalSection(SolutionConfigurationPlatforms) = preSolution
		Debug|Any CPU = Debug|Any CPU
		Release|Any CPU = Release|Any CPU
	EndGlobalSection
	GlobalSection(ProjectConfigurationPlatforms) = postSolution
		{051D294A-518A-4398-A170-2AC5527076F1}.Debug|Any CPU.ActiveCfg = Debug|Any CPU
		{051D294A-518A-4398-A170-2AC5527076F1}.Debug|Any CPU.Build.0 = Debug|Any CPU
		{051D294A-518A-4398-A170-2AC5527076F1}.Release|Any CPU.ActiveCfg = Release|Any CPU
		{051D294A-518A-4398-A170-2AC5527076F1}.Release|Any CPU.Build.0 = Release|Any CPU
	EndGlobalSection
	GlobalSection(SolutionProperties) = preSolution
		HideSolutionNode = FALSE
	EndGlobalSection
	GlobalSection(ExtensibilityGlobals) = postSolution
		SolutionGuid = {647A0CD1-2511-4B1F-A7DB-99758E12F1AF}
	EndGlobalSection
EndGlobal
